
Microsoft Visual Studio Solution File, Format Version 12.00
# Visual Studio Version 17
VisualStudioVersion = 17.0.31903.59
MinimumVisualStudioVersion = 10.0.40219.1
Project("{2150E333-8FDC-42A3-9474-1A3956D46DE8}") = "src", "src", "{D98A7F4B-2F17-467F-95D9-84901D291CAB}"
EndProject
Project("{FAE04EC0-301F-11D3-BF4B-00C04F79EFBC}") = "GodotSharp.TestAdapter", "src\TestAdapter\GodotSharp.TestAdapter.csproj", "{83B0C31B-DF0A-4E71-B9CC-3AD6BFD67A64}"
EndProject
Project("{FAE04EC0-301F-11D3-BF4B-00C04F79EFBC}") = "GodotSharp.TestProxy", "src\TestProxy\GodotSharp.TestProxy.csproj", "{8A50A633-4CF5-43E6-9717-B73ED47A46AB}"
EndProject
Global
	GlobalSection(SolutionConfigurationPlatforms) = preSolution
		Debug|Any CPU = Debug|Any CPU
		Release|Any CPU = Release|Any CPU
	EndGlobalSection
	GlobalSection(SolutionProperties) = preSolution
		HideSolutionNode = FALSE
	EndGlobalSection
	GlobalSection(ProjectConfigurationPlatforms) = postSolution
		{83B0C31B-DF0A-4E71-B9CC-3AD6BFD67A64}.Debug|Any CPU.ActiveCfg = Debug|Any CPU
		{83B0C31B-DF0A-4E71-B9CC-3AD6BFD67A64}.Debug|Any CPU.Build.0 = Debug|Any CPU
		{83B0C31B-DF0A-4E71-B9CC-3AD6BFD67A64}.Release|Any CPU.ActiveCfg = Release|Any CPU
		{83B0C31B-DF0A-4E71-B9CC-3AD6BFD67A64}.Release|Any CPU.Build.0 = Release|Any CPU
		{8A50A633-4CF5-43E6-9717-B73ED47A46AB}.Debug|Any CPU.ActiveCfg = Debug|Any CPU
		{8A50A633-4CF5-43E6-9717-B73ED47A46AB}.Debug|Any CPU.Build.0 = Debug|Any CPU
		{8A50A633-4CF5-43E6-9717-B73ED47A46AB}.Release|Any CPU.ActiveCfg = Release|Any CPU
		{8A50A633-4CF5-43E6-9717-B73ED47A46AB}.Release|Any CPU.Build.0 = Release|Any CPU
	EndGlobalSection
	GlobalSection(NestedProjects) = preSolution
		{83B0C31B-DF0A-4E71-B9CC-3AD6BFD67A64} = {D98A7F4B-2F17-467F-95D9-84901D291CAB}
		{8A50A633-4CF5-43E6-9717-B73ED47A46AB} = {D98A7F4B-2F17-467F-95D9-84901D291CAB}
	EndGlobalSection
EndGlobal
