Microsoft Visual Studio Solution File, Format Version 12.00
# Visual Studio 2012
Project("{FAE04EC0-301F-11D3-BF4B-00C04F79EFBC}") = "SingleProject", "SingleProject.csproj", "{2CDBDBEC-9231-4FA0-95E6-233828921871}"
EndProject
Global
	GlobalSection(SolutionConfigurationPlatforms) = preSolution
	Debug|Any CPU = Debug|Any CPU
	ExportDebug|Any CPU = ExportDebug|Any CPU
	ExportRelease|Any CPU = ExportRelease|Any CPU
	EndGlobalSection
	GlobalSection(ProjectConfigurationPlatforms) = postSolution
		{2CDBDBEC-9231-4FA0-95E6-233828921871}.Debug|Any CPU.ActiveCfg = Debug|Any CPU
		{2CDBDBEC-9231-4FA0-95E6-233828921871}.Debug|Any CPU.Build.0 = Debug|Any CPU
		{2CDBDBEC-9231-4FA0-95E6-233828921871}.ExportDebug|Any CPU.ActiveCfg = ExportDebug|Any CPU
		{2CDBDBEC-9231-4FA0-95E6-233828921871}.ExportDebug|Any CPU.Build.0 = ExportDebug|Any CPU
		{2CDBDBEC-9231-4FA0-95E6-233828921871}.ExportRelease|Any CPU.ActiveCfg = ExportRelease|Any CPU
		{2CDBDBEC-9231-4FA0-95E6-233828921871}.ExportRelease|Any CPU.Build.0 = ExportRelease|Any CPU
	EndGlobalSection
EndGlobal
